
Microsoft Visual Studio Solution File, Format Version 12.00
# Visual Studio Version 16
VisualStudioVersion = 16.0.30523.141
MinimumVisualStudioVersion = 10.0.40219.1
Project("{FAE04EC0-301F-11D3-BF4B-00C04F79EFBC}") = "week07", "week07\week07.csproj", "{1B2EE412-A5DD-4B15-9EA3-DF698AAADCD7}"
EndProject
Global
	GlobalSection(SolutionConfigurationPlatforms) = preSolution
		Debug|Any CPU = Debug|Any CPU
		Release|Any CPU = Release|Any CPU
	EndGlobalSection
	GlobalSection(ProjectConfigurationPlatforms) = postSolution
		{1B2EE412-A5DD-4B15-9EA3-DF698AAADCD7}.Debug|Any CPU.ActiveCfg = Debug|Any CPU
		{1B2EE412-A5DD-4B15-9EA3-DF698AAADCD7}.Debug|Any CPU.Build.0 = Debug|Any CPU
		{1B2EE412-A5DD-4B15-9EA3-DF698AAADCD7}.Release|Any CPU.ActiveCfg = Release|Any CPU
		{1B2EE412-A5DD-4B15-9EA3-DF698AAADCD7}.Release|Any CPU.Build.0 = Release|Any CPU
	EndGlobalSection
	GlobalSection(SolutionProperties) = preSolution
		HideSolutionNode = FALSE
	EndGlobalSection
	GlobalSection(ExtensibilityGlobals) = postSolution
		SolutionGuid = {F48B3AA2-FEC6-4625-BA28-BF23F0C6031A}
	EndGlobalSection
EndGlobal
